// !$*UTF8*$!
{
	archiveVersion = 1;
	classes = {
	};
	objectVersion = 55;
	objects = {

/* Begin PBXBuildFile section */
		A090783527FB23AF008A8201 /* AppDelegate.swift in Sources */ = {isa = PBXBuildFile; fileRef = A090783427FB23AF008A8201 /* AppDelegate.swift */; };
		A090783727FB23AF008A8201 /* SceneDelegate.swift in Sources */ = {isa = PBXBuildFile; fileRef = A090783627FB23AF008A8201 /* SceneDelegate.swift */; };
		A090783927FB23AF008A8201 /* ImageViewController.swift in Sources */ = {isa = PBXBuildFile; fileRef = A090783827FB23AF008A8201 /* ImageViewController.swift */; };
		A090783E27FB23B1008A8201 /* Assets.xcassets in Resources */ = {isa = PBXBuildFile; fileRef = A090783D27FB23B1008A8201 /* Assets.xcassets */; };
		A090784127FB23B1008A8201 /* LaunchScreen.storyboard in Resources */ = {isa = PBXBuildFile; fileRef = A090783F27FB23B1008A8201 /* LaunchScreen.storyboard */; };
		A090784927FB2499008A8201 /* DaumAPIResponse.swift in Sources */ = {isa = PBXBuildFile; fileRef = A090784827FB2498008A8201 /* DaumAPIResponse.swift */; };
		A090784B27FB24AC008A8201 /* NetworkManager.swift in Sources */ = {isa = PBXBuildFile; fileRef = A090784A27FB24AC008A8201 /* NetworkManager.swift */; };
		A090784E27FB24CB008A8201 /* Kingfisher in Frameworks */ = {isa = PBXBuildFile; productRef = A090784D27FB24CB008A8201 /* Kingfisher */; };
		A090785127FB24D6008A8201 /* Alamofire in Frameworks */ = {isa = PBXBuildFile; productRef = A090785027FB24D6008A8201 /* Alamofire */; };
		A090785427FB2A5B008A8201 /* SnapKit in Frameworks */ = {isa = PBXBuildFile; productRef = A090785327FB2A5B008A8201 /* SnapKit */; };
		A090785627FB2B34008A8201 /* ImageCollectionViewCell.swift in Sources */ = {isa = PBXBuildFile; fileRef = A090785527FB2B34008A8201 /* ImageCollectionViewCell.swift */; };
		A090785827FB2EF5008A8201 /* SearchViewController.swift in Sources */ = {isa = PBXBuildFile; fileRef = A090785727FB2EF5008A8201 /* SearchViewController.swift */; };
/* End PBXBuildFile section */

/* Begin PBXFileReference section */
		A090783127FB23AF008A8201 /* DaumImage.app */ = {isa = PBXFileReference; explicitFileType = wrapper.application; includeInIndex = 0; path = DaumImage.app; sourceTree = BUILT_PRODUCTS_DIR; };
		A090783427FB23AF008A8201 /* AppDelegate.swift */ = {isa = PBXFileReference; lastKnownFileType = sourcecode.swift; path = AppDelegate.swift; sourceTree = "<group>"; };
		A090783627FB23AF008A8201 /* SceneDelegate.swift */ = {isa = PBXFileReference; lastKnownFileType = sourcecode.swift; path = SceneDelegate.swift; sourceTree = "<group>"; };
		A090783827FB23AF008A8201 /* ImageViewController.swift */ = {isa = PBXFileReference; lastKnownFileType = sourcecode.swift; path = ImageViewController.swift; sourceTree = "<group>"; };
		A090783D27FB23B1008A8201 /* Assets.xcassets */ = {isa = PBXFileReference; lastKnownFileType = folder.assetcatalog; path = Assets.xcassets; sourceTree = "<group>"; };
		A090784027FB23B1008A8201 /* Base */ = {isa = PBXFileReference; lastKnownFileType = file.storyboard; name = Base; path = Base.lproj/LaunchScreen.storyboard; sourceTree = "<group>"; };
		A090784227FB23B1008A8201 /* Info.plist */ = {isa = PBXFileReference; lastKnownFileType = text.plist.xml; path = Info.plist; sourceTree = "<group>"; };
		A090784827FB2498008A8201 /* DaumAPIResponse.swift */ = {isa = PBXFileReference; lastKnownFileType = sourcecode.swift; path = DaumAPIResponse.swift; sourceTree = "<group>"; };
		A090784A27FB24AC008A8201 /* NetworkManager.swift */ = {isa = PBXFileReference; lastKnownFileType = sourcecode.swift; path = NetworkManager.swift; sourceTree = "<group>"; };
		A090785527FB2B34008A8201 /* ImageCollectionViewCell.swift */ = {isa = PBXFileReference; lastKnownFileType = sourcecode.swift; path = ImageCollectionViewCell.swift; sourceTree = "<group>"; };
		A090785727FB2EF5008A8201 /* SearchViewController.swift */ = {isa = PBXFileReference; lastKnownFileType = sourcecode.swift; path = SearchViewController.swift; sourceTree = "<group>"; };
/* End PBXFileReference section */

/* Begin PBXFrameworksBuildPhase section */
		A090782E27FB23AF008A8201 /* Frameworks */ = {
			isa = PBXFrameworksBuildPhase;
			buildActionMask = 2147483647;
			files = (
				A090785427FB2A5B008A8201 /* SnapKit in Frameworks */,
				A090784E27FB24CB008A8201 /* Kingfisher in Frameworks */,
				A090785127FB24D6008A8201 /* Alamofire in Frameworks */,
			);
			runOnlyForDeploymentPostprocessing = 0;
		};
/* End PBXFrameworksBuildPhase section */

/* Begin PBXGroup section */
		A090782827FB23AF008A8201 = {
			isa = PBXGroup;
			children = (
				A090783327FB23AF008A8201 /* DaumImage */,
				A090783227FB23AF008A8201 /* Products */,
			);
			sourceTree = "<group>";
		};
		A090783227FB23AF008A8201 /* Products */ = {
			isa = PBXGroup;
			children = (
				A090783127FB23AF008A8201 /* DaumImage.app */,
			);
			name = Products;
			sourceTree = "<group>";
		};
		A090783327FB23AF008A8201 /* DaumImage */ = {
			isa = PBXGroup;
			children = (
				A090783427FB23AF008A8201 /* AppDelegate.swift */,
				A090783627FB23AF008A8201 /* SceneDelegate.swift */,
				A090785A27FBF7E7008A8201 /* Model */,
				A090785B27FBF7ED008A8201 /* Manager */,
				A090785927FBF7A3008A8201 /* Scenes */,
				A090783D27FB23B1008A8201 /* Assets.xcassets */,
				A090783F27FB23B1008A8201 /* LaunchScreen.storyboard */,
				A090784227FB23B1008A8201 /* Info.plist */,
			);
			path = DaumImage;
			sourceTree = "<group>";
		};
		A090785927FBF7A3008A8201 /* Scenes */ = {
			isa = PBXGroup;
			children = (
				A090785727FB2EF5008A8201 /* SearchViewController.swift */,
				A090783827FB23AF008A8201 /* ImageViewController.swift */,
				A090785527FB2B34008A8201 /* ImageCollectionViewCell.swift */,
			);
			path = Scenes;
			sourceTree = "<group>";
		};
		A090785A27FBF7E7008A8201 /* Model */ = {
			isa = PBXGroup;
			children = (
				A090784827FB2498008A8201 /* DaumAPIResponse.swift */,
			);
			path = Model;
			sourceTree = "<group>";
		};
		A090785B27FBF7ED008A8201 /* Manager */ = {
			isa = PBXGroup;
			children = (
				A090784A27FB24AC008A8201 /* NetworkManager.swift */,
			);
			path = Manager;
			sourceTree = "<group>";
		};
/* End PBXGroup section */

/* Begin PBXNativeTarget section */
		A090783027FB23AF008A8201 /* DaumImage */ = {
			isa = PBXNativeTarget;
			buildConfigurationList = A090784527FB23B1008A8201 /* Build configuration list for PBXNativeTarget "DaumImage" */;
			buildPhases = (
				A090782D27FB23AF008A8201 /* Sources */,
				A090782E27FB23AF008A8201 /* Frameworks */,
				A090782F27FB23AF008A8201 /* Resources */,
			);
			buildRules = (
			);
			dependencies = (
			);
			name = DaumImage;
			packageProductDependencies = (
				A090784D27FB24CB008A8201 /* Kingfisher */,
				A090785027FB24D6008A8201 /* Alamofire */,
				A090785327FB2A5B008A8201 /* SnapKit */,
			);
			productName = DaumImage;
			productReference = A090783127FB23AF008A8201 /* DaumImage.app */;
			productType = "com.apple.product-type.application";
		};
/* End PBXNativeTarget section */

/* Begin PBXProject section */
		A090782927FB23AF008A8201 /* Project object */ = {
			isa = PBXProject;
			attributes = {
				BuildIndependentTargetsInParallel = 1;
				LastSwiftUpdateCheck = 1330;
				LastUpgradeCheck = 1330;
				TargetAttributes = {
					A090783027FB23AF008A8201 = {
						CreatedOnToolsVersion = 13.3;
					};
				};
			};
			buildConfigurationList = A090782C27FB23AF008A8201 /* Build configuration list for PBXProject "DaumImage" */;
			compatibilityVersion = "Xcode 13.0";
			developmentRegion = en;
			hasScannedForEncodings = 0;
			knownRegions = (
				en,
				Base,
			);
			mainGroup = A090782827FB23AF008A8201;
			packageReferences = (
				A090784C27FB24CB008A8201 /* XCRemoteSwiftPackageReference "Kingfisher" */,
				A090784F27FB24D6008A8201 /* XCRemoteSwiftPackageReference "Alamofire" */,
				A090785227FB2A5B008A8201 /* XCRemoteSwiftPackageReference "SnapKit" */,
			);
			productRefGroup = A090783227FB23AF008A8201 /* Products */;
			projectDirPath = "";
			projectRoot = "";
			targets = (
				A090783027FB23AF008A8201 /* DaumImage */,
			);
		};
/* End PBXProject section */

/* Begin PBXResourcesBuildPhase section */
		A090782F27FB23AF008A8201 /* Resources */ = {
			isa = PBXResourcesBuildPhase;
			buildActionMask = 2147483647;
			files = (
				A090784127FB23B1008A8201 /* LaunchScreen.storyboard in Resources */,
				A090783E27FB23B1008A8201 /* Assets.xcassets in Resources */,
			);
			runOnlyForDeploymentPostprocessing = 0;
		};
/* End PBXResourcesBuildPhase section */

/* Begin PBXSourcesBuildPhase section */
		A090782D27FB23AF008A8201 /* Sources */ = {
			isa = PBXSourcesBuildPhase;
			buildActionMask = 2147483647;
			files = (
				A090784927FB2499008A8201 /* DaumAPIResponse.swift in Sources */,
				A090785827FB2EF5008A8201 /* SearchViewController.swift in Sources */,
				A090783927FB23AF008A8201 /* ImageViewController.swift in Sources */,
				A090785627FB2B34008A8201 /* ImageCollectionViewCell.swift in Sources */,
				A090784B27FB24AC008A8201 /* NetworkManager.swift in Sources */,
				A090783527FB23AF008A8201 /* AppDelegate.swift in Sources */,
				A090783727FB23AF008A8201 /* SceneDelegate.swift in Sources */,
			);
			runOnlyForDeploymentPostprocessing = 0;
		};
/* End PBXSourcesBuildPhase section */

/* Begin PBXVariantGroup section */
		A090783F27FB23B1008A8201 /* LaunchScreen.storyboard */ = {
			isa = PBXVariantGroup;
			children = (
				A090784027FB23B1008A8201 /* Base */,
			);
			name = LaunchScreen.storyboard;
			sourceTree = "<group>";
		};
/* End PBXVariantGroup section */

/* Begin XCBuildConfiguration section */
		A090784327FB23B1008A8201 /* Debug */ = {
			isa = XCBuildConfiguration;
			buildSettings = {
				ALWAYS_SEARCH_USER_PATHS = NO;
				CLANG_ANALYZER_NONNULL = YES;
				CLANG_ANALYZER_NUMBER_OBJECT_CONVERSION = YES_AGGRESSIVE;
				CLANG_CXX_LANGUAGE_STANDARD = "gnu++17";
				CLANG_ENABLE_MODULES = YES;
				CLANG_ENABLE_OBJC_ARC = YES;
				CLANG_ENABLE_OBJC_WEAK = YES;
				CLANG_WARN_BLOCK_CAPTURE_AUTORELEASING = YES;
				CLANG_WARN_BOOL_CONVERSION = YES;
				CLANG_WARN_COMMA = YES;
				CLANG_WARN_CONSTANT_CONVERSION = YES;
				CLANG_WARN_DEPRECATED_OBJC_IMPLEMENTATIONS = YES;
				CLANG_WARN_DIRECT_OBJC_ISA_USAGE = YES_ERROR;
				CLANG_WARN_DOCUMENTATION_COMMENTS = YES;
				CLANG_WARN_EMPTY_BODY = YES;
				CLANG_WARN_ENUM_CONVERSION = YES;
				CLANG_WARN_INFINITE_RECURSION = YES;
				CLANG_WARN_INT_CONVERSION = YES;
				CLANG_WARN_NON_LITERAL_NULL_CONVERSION = YES;
				CLANG_WARN_OBJC_IMPLICIT_RETAIN_SELF = YES;
				CLANG_WARN_OBJC_LITERAL_CONVERSION = YES;
				CLANG_WARN_OBJC_ROOT_CLASS = YES_ERROR;
				CLANG_WARN_QUOTED_INCLUDE_IN_FRAMEWORK_HEADER = YES;
				CLANG_WARN_RANGE_LOOP_ANALYSIS = YES;
				CLANG_WARN_STRICT_PROTOTYPES = YES;
				CLANG_WARN_SUSPICIOUS_MOVE = YES;
				CLANG_WARN_UNGUARDED_AVAILABILITY = YES_AGGRESSIVE;
				CLANG_WARN_UNREACHABLE_CODE = YES;
				CLANG_WARN__DUPLICATE_METHOD_MATCH = YES;
				COPY_PHASE_STRIP = NO;
				DEBUG_INFORMATION_FORMAT = dwarf;
				ENABLE_STRICT_OBJC_MSGSEND = YES;
				ENABLE_TESTABILITY = YES;
				GCC_C_LANGUAGE_STANDARD = gnu11;
				GCC_DYNAMIC_NO_PIC = NO;
				GCC_NO_COMMON_BLOCKS = YES;
				GCC_OPTIMIZATION_LEVEL = 0;
				GCC_PREPROCESSOR_DEFINITIONS = (
					"DEBUG=1",
					"$(inherited)",
				);
				GCC_WARN_64_TO_32_BIT_CONVERSION = YES;
				GCC_WARN_ABOUT_RETURN_TYPE = YES_ERROR;
				GCC_WARN_UNDECLARED_SELECTOR = YES;
				GCC_WARN_UNINITIALIZED_AUTOS = YES_AGGRESSIVE;
				GCC_WARN_UNUSED_FUNCTION = YES;
				GCC_WARN_UNUSED_VARIABLE = YES;
				IPHONEOS_DEPLOYMENT_TARGET = 15.4;
				MTL_ENABLE_DEBUG_INFO = INCLUDE_SOURCE;
				MTL_FAST_MATH = YES;
				ONLY_ACTIVE_ARCH = YES;
				SDKROOT = iphoneos;
				SWIFT_ACTIVE_COMPILATION_CONDITIONS = DEBUG;
				SWIFT_OPTIMIZATION_LEVEL = "-Onone";
			};
			name = Debug;
		};
		A090784427FB23B1008A8201 /* Release */ = {
			isa = XCBuildConfiguration;
			buildSettings = {
				ALWAYS_SEARCH_USER_PATHS = NO;
				CLANG_ANALYZER_NONNULL = YES;
				CLANG_ANALYZER_NUMBER_OBJECT_CONVERSION = YES_AGGRESSIVE;
				CLANG_CXX_LANGUAGE_STANDARD = "gnu++17";
				CLANG_ENABLE_MODULES = YES;
				CLANG_ENABLE_OBJC_ARC = YES;
				CLANG_ENABLE_OBJC_WEAK = YES;
				CLANG_WARN_BLOCK_CAPTURE_AUTORELEASING = YES;
				CLANG_WARN_BOOL_CONVERSION = YES;
				CLANG_WARN_COMMA = YES;
				CLANG_WARN_CONSTANT_CONVERSION = YES;
				CLANG_WARN_DEPRECATED_OBJC_IMPLEMENTATIONS = YES;
				CLANG_WARN_DIRECT_OBJC_ISA_USAGE = YES_ERROR;
				CLANG_WARN_DOCUMENTATION_COMMENTS = YES;
				CLANG_WARN_EMPTY_BODY = YES;
				CLANG_WARN_ENUM_CONVERSION = YES;
				CLANG_WARN_INFINITE_RECURSION = YES;
				CLANG_WARN_INT_CONVERSION = YES;
				CLANG_WARN_NON_LITERAL_NULL_CONVERSION = YES;
				CLANG_WARN_OBJC_IMPLICIT_RETAIN_SELF = YES;
				CLANG_WARN_OBJC_LITERAL_CONVERSION = YES;
				CLANG_WARN_OBJC_ROOT_CLASS = YES_ERROR;
				CLANG_WARN_QUOTED_INCLUDE_IN_FRAMEWORK_HEADER = YES;
				CLANG_WARN_RANGE_LOOP_ANALYSIS = YES;
				CLANG_WARN_STRICT_PROTOTYPES = YES;
				CLANG_WARN_SUSPICIOUS_MOVE = YES;
				CLANG_WARN_UNGUARDED_AVAILABILITY = YES_AGGRESSIVE;
				CLANG_WARN_UNREACHABLE_CODE = YES;
				CLANG_WARN__DUPLICATE_METHOD_MATCH = YES;
				COPY_PHASE_STRIP = NO;
				DEBUG_INFORMATION_FORMAT = "dwarf-with-dsym";
				ENABLE_NS_ASSERTIONS = NO;
				ENABLE_STRICT_OBJC_MSGSEND = YES;
				GCC_C_LANGUAGE_STANDARD = gnu11;
				GCC_NO_COMMON_BLOCKS = YES;
				GCC_WARN_64_TO_32_BIT_CONVERSION = YES;
				GCC_WARN_ABOUT_RETURN_TYPE = YES_ERROR;
				GCC_WARN_UNDECLARED_SELECTOR = YES;
				GCC_WARN_UNINITIALIZED_AUTOS = YES_AGGRESSIVE;
				GCC_WARN_UNUSED_FUNCTION = YES;
				GCC_WARN_UNUSED_VARIABLE = YES;
				IPHONEOS_DEPLOYMENT_TARGET = 15.4;
				MTL_ENABLE_DEBUG_INFO = NO;
				MTL_FAST_MATH = YES;
				SDKROOT = iphoneos;
				SWIFT_COMPILATION_MODE = wholemodule;
				SWIFT_OPTIMIZATION_LEVEL = "-O";
				VALIDATE_PRODUCT = YES;
			};
			name = Release;
		};
		A090784627FB23B1008A8201 /* Debug */ = {
			isa = XCBuildConfiguration;
			buildSettings = {
				ASSETCATALOG_COMPILER_APPICON_NAME = AppIcon;
				ASSETCATALOG_COMPILER_GLOBAL_ACCENT_COLOR_NAME = AccentColor;
				CODE_SIGN_STYLE = Automatic;
				CURRENT_PROJECT_VERSION = 1;
				DEVELOPMENT_TEAM = HM9J3DG5MT;
				GENERATE_INFOPLIST_FILE = YES;
				INFOPLIST_FILE = DaumImage/Info.plist;
				INFOPLIST_KEY_UIApplicationSupportsIndirectInputEvents = YES;
				INFOPLIST_KEY_UILaunchStoryboardName = LaunchScreen;
				INFOPLIST_KEY_UISupportedInterfaceOrientations_iPad = "UIInterfaceOrientationPortrait UIInterfaceOrientationPortraitUpsideDown UIInterfaceOrientationLandscapeLeft UIInterfaceOrientationLandscapeRight";
				INFOPLIST_KEY_UISupportedInterfaceOrientations_iPhone = "UIInterfaceOrientationPortrait UIInterfaceOrientationLandscapeLeft UIInterfaceOrientationLandscapeRight";
				LD_RUNPATH_SEARCH_PATHS = (
					"$(inherited)",
					"@executable_path/Frameworks",
				);
				MARKETING_VERSION = 1.0;
				PRODUCT_BUNDLE_IDENTIFIER = com.soduma.DaumImage;
				PRODUCT_NAME = "$(TARGET_NAME)";
				SWIFT_EMIT_LOC_STRINGS = YES;
				SWIFT_VERSION = 5.0;
				TARGETED_DEVICE_FAMILY = "1,2";
			};
			name = Debug;
		};
		A090784727FB23B1008A8201 /* Release */ = {
			isa = XCBuildConfiguration;
			buildSettings = {
				ASSETCATALOG_COMPILER_APPICON_NAME = AppIcon;
				ASSETCATALOG_COMPILER_GLOBAL_ACCENT_COLOR_NAME = AccentColor;
				CODE_SIGN_STYLE = Automatic;
				CURRENT_PROJECT_VERSION = 1;
				DEVELOPMENT_TEAM = HM9J3DG5MT;
				GENERATE_INFOPLIST_FILE = YES;
				INFOPLIST_FILE = DaumImage/Info.plist;
				INFOPLIST_KEY_UIApplicationSupportsIndirectInputEvents = YES;
				INFOPLIST_KEY_UILaunchStoryboardName = LaunchScreen;
				INFOPLIST_KEY_UISupportedInterfaceOrientations_iPad = "UIInterfaceOrientationPortrait UIInterfaceOrientationPortraitUpsideDown UIInterfaceOrientationLandscapeLeft UIInterfaceOrientationLandscapeRight";
				INFOPLIST_KEY_UISupportedInterfaceOrientations_iPhone = "UIInterfaceOrientationPortrait UIInterfaceOrientationLandscapeLeft UIInterfaceOrientationLandscapeRight";
				LD_RUNPATH_SEARCH_PATHS = (
					"$(inherited)",
					"@executable_path/Frameworks",
				);
				MARKETING_VERSION = 1.0;
				PRODUCT_BUNDLE_IDENTIFIER = com.soduma.DaumImage;
				PRODUCT_NAME = "$(TARGET_NAME)";
				SWIFT_EMIT_LOC_STRINGS = YES;
				SWIFT_VERSION = 5.0;
				TARGETED_DEVICE_FAMILY = "1,2";
			};
			name = Release;
		};
/* End XCBuildConfiguration section */

/* Begin XCConfigurationList section */
		A090782C27FB23AF008A8201 /* Build configuration list for PBXProject "DaumImage" */ = {
			isa = XCConfigurationList;
			buildConfigurations = (
				A090784327FB23B1008A8201 /* Debug */,
				A090784427FB23B1008A8201 /* Release */,
			);
			defaultConfigurationIsVisible = 0;
			defaultConfigurationName = Release;
		};
		A090784527FB23B1008A8201 /* Build configuration list for PBXNativeTarget "DaumImage" */ = {
			isa = XCConfigurationList;
			buildConfigurations = (
				A090784627FB23B1008A8201 /* Debug */,
				A090784727FB23B1008A8201 /* Release */,
			);
			defaultConfigurationIsVisible = 0;
			defaultConfigurationName = Release;
		};
/* End XCConfigurationList section */

/* Begin XCRemoteSwiftPackageReference section */
		A090784C27FB24CB008A8201 /* XCRemoteSwiftPackageReference "Kingfisher" */ = {
			isa = XCRemoteSwiftPackageReference;
			repositoryURL = "https://github.com/onevcat/Kingfisher.git";
			requirement = {
				kind = upToNextMajorVersion;
				minimumVersion = 7.0.0;
			};
		};
		A090784F27FB24D6008A8201 /* XCRemoteSwiftPackageReference "Alamofire" */ = {
			isa = XCRemoteSwiftPackageReference;
			repositoryURL = "https://github.com/Alamofire/Alamofire.git";
			requirement = {
				kind = upToNextMajorVersion;
				minimumVersion = 5.0.0;
			};
		};
		A090785227FB2A5B008A8201 /* XCRemoteSwiftPackageReference "SnapKit" */ = {
			isa = XCRemoteSwiftPackageReference;
			repositoryURL = "https://github.com/SnapKit/SnapKit.git";
			requirement = {
				kind = upToNextMajorVersion;
				minimumVersion = 5.0.0;
			};
		};
/* End XCRemoteSwiftPackageReference section */

/* Begin XCSwiftPackageProductDependency section */
		A090784D27FB24CB008A8201 /* Kingfisher */ = {
			isa = XCSwiftPackageProductDependency;
			package = A090784C27FB24CB008A8201 /* XCRemoteSwiftPackageReference "Kingfisher" */;
			productName = Kingfisher;
		};
		A090785027FB24D6008A8201 /* Alamofire */ = {
			isa = XCSwiftPackageProductDependency;
			package = A090784F27FB24D6008A8201 /* XCRemoteSwiftPackageReference "Alamofire" */;
			productName = Alamofire;
		};
		A090785327FB2A5B008A8201 /* SnapKit */ = {
			isa = XCSwiftPackageProductDependency;
			package = A090785227FB2A5B008A8201 /* XCRemoteSwiftPackageReference "SnapKit" */;
			productName = SnapKit;
		};
/* End XCSwiftPackageProductDependency section */
	};
	rootObject = A090782927FB23AF008A8201 /* Project object */;
}
